
Microsoft Visual Studio Solution File, Format Version 12.00
# Visual Studio Version 17
VisualStudioVersion = 17.10.35027.167
MinimumVisualStudioVersion = 10.0.40219.1
Project("{9A19103F-16F7-4668-BE54-9A1E7A4F7556}") = "UserBackend", "UserBackend\UserBackend.csproj", "{045A0247-79A3-42EE-B2B6-9ADC994F10D9}"
EndProject
Project("{9A19103F-16F7-4668-BE54-9A1E7A4F7556}") = "Tests", "UserBackendTests\Tests.csproj", "{509C9D19-5AF4-4E1E-82F2-B8A649B4515E}"
EndProject
Global
	GlobalSection(SolutionConfigurationPlatforms) = preSolution
		Debug|Any CPU = Debug|Any CPU
		Release|Any CPU = Release|Any CPU
	EndGlobalSection
	GlobalSection(ProjectConfigurationPlatforms) = postSolution
		{045A0247-79A3-42EE-B2B6-9ADC994F10D9}.Debug|Any CPU.ActiveCfg = Debug|Any CPU
		{045A0247-79A3-42EE-B2B6-9ADC994F10D9}.Debug|Any CPU.Build.0 = Debug|Any CPU
		{045A0247-79A3-42EE-B2B6-9ADC994F10D9}.Release|Any CPU.ActiveCfg = Release|Any CPU
		{045A0247-79A3-42EE-B2B6-9ADC994F10D9}.Release|Any CPU.Build.0 = Release|Any CPU
		{509C9D19-5AF4-4E1E-82F2-B8A649B4515E}.Debug|Any CPU.ActiveCfg = Debug|Any CPU
		{509C9D19-5AF4-4E1E-82F2-B8A649B4515E}.Debug|Any CPU.Build.0 = Debug|Any CPU
		{509C9D19-5AF4-4E1E-82F2-B8A649B4515E}.Release|Any CPU.ActiveCfg = Release|Any CPU
		{509C9D19-5AF4-4E1E-82F2-B8A649B4515E}.Release|Any CPU.Build.0 = Release|Any CPU
	EndGlobalSection
	GlobalSection(SolutionProperties) = preSolution
		HideSolutionNode = FALSE
	EndGlobalSection
	GlobalSection(ExtensibilityGlobals) = postSolution
		SolutionGuid = {89D2C4A2-44C9-4C76-8211-C073BF462B76}
	EndGlobalSection
EndGlobal
